
Microsoft Visual Studio Solution File, Format Version 12.00
# Visual Studio Version 16
VisualStudioVersion = 16.0.29709.97
MinimumVisualStudioVersion = 10.0.40219.1
Project("{888888A0-9F3D-457C-B088-3A5042F75D52}") = "urls", "urls\urls.pyproj", "{1BBA480A-F799-4F64-9FB2-833291DDDC1B}"
EndProject
Global
	GlobalSection(SolutionConfigurationPlatforms) = preSolution
		Debug|Any CPU = Debug|Any CPU
		Release|Any CPU = Release|Any CPU
	EndGlobalSection
	GlobalSection(ProjectConfigurationPlatforms) = postSolution
		{1BBA480A-F799-4F64-9FB2-833291DDDC1B}.Debug|Any CPU.ActiveCfg = Debug|Any CPU
		{1BBA480A-F799-4F64-9FB2-833291DDDC1B}.Release|Any CPU.ActiveCfg = Release|Any CPU
	EndGlobalSection
	GlobalSection(SolutionProperties) = preSolution
		HideSolutionNode = FALSE
	EndGlobalSection
	GlobalSection(ExtensibilityGlobals) = postSolution
		SolutionGuid = {09C94118-1FBB-45B4-9099-0B496D6B1530}
	EndGlobalSection
EndGlobal
